
Microsoft Visual Studio Solution File, Format Version 12.00
# Visual Studio 15
VisualStudioVersion = 15.0.26124.0
MinimumVisualStudioVersion = 15.0.26124.0
Project("{FAE04EC0-301F-11D3-BF4B-00C04F79EFBC}") = "dbapi", "dbapi\dbapi.csproj", "{245B4468-36BA-4765-A32C-590077AA409E}"
EndProject
Project("{FAE04EC0-301F-11D3-BF4B-00C04F79EFBC}") = "DBApi.Test", "DBApi.Test\DBApi.Test.csproj", "{E07E7BFD-5969-4D68-B371-C8CD23CC513B}"
EndProject
Global
	GlobalSection(SolutionConfigurationPlatforms) = preSolution
		Debug|Any CPU = Debug|Any CPU
		Debug|x64 = Debug|x64
		Debug|x86 = Debug|x86
		Release|Any CPU = Release|Any CPU
		Release|x64 = Release|x64
		Release|x86 = Release|x86
	EndGlobalSection
	GlobalSection(SolutionProperties) = preSolution
		HideSolutionNode = FALSE
	EndGlobalSection
	GlobalSection(ProjectConfigurationPlatforms) = postSolution
		{245B4468-36BA-4765-A32C-590077AA409E}.Debug|Any CPU.ActiveCfg = Debug|Any CPU
		{245B4468-36BA-4765-A32C-590077AA409E}.Debug|Any CPU.Build.0 = Debug|Any CPU
		{245B4468-36BA-4765-A32C-590077AA409E}.Debug|x64.ActiveCfg = Debug|Any CPU
		{245B4468-36BA-4765-A32C-590077AA409E}.Debug|x64.Build.0 = Debug|Any CPU
		{245B4468-36BA-4765-A32C-590077AA409E}.Debug|x86.ActiveCfg = Debug|Any CPU
		{245B4468-36BA-4765-A32C-590077AA409E}.Debug|x86.Build.0 = Debug|Any CPU
		{245B4468-36BA-4765-A32C-590077AA409E}.Release|Any CPU.ActiveCfg = Release|Any CPU
		{245B4468-36BA-4765-A32C-590077AA409E}.Release|Any CPU.Build.0 = Release|Any CPU
		{245B4468-36BA-4765-A32C-590077AA409E}.Release|x64.ActiveCfg = Release|Any CPU
		{245B4468-36BA-4765-A32C-590077AA409E}.Release|x64.Build.0 = Release|Any CPU
		{245B4468-36BA-4765-A32C-590077AA409E}.Release|x86.ActiveCfg = Release|Any CPU
		{245B4468-36BA-4765-A32C-590077AA409E}.Release|x86.Build.0 = Release|Any CPU
		{E07E7BFD-5969-4D68-B371-C8CD23CC513B}.Debug|Any CPU.ActiveCfg = Debug|Any CPU
		{E07E7BFD-5969-4D68-B371-C8CD23CC513B}.Debug|Any CPU.Build.0 = Debug|Any CPU
		{E07E7BFD-5969-4D68-B371-C8CD23CC513B}.Debug|x64.ActiveCfg = Debug|Any CPU
		{E07E7BFD-5969-4D68-B371-C8CD23CC513B}.Debug|x64.Build.0 = Debug|Any CPU
		{E07E7BFD-5969-4D68-B371-C8CD23CC513B}.Debug|x86.ActiveCfg = Debug|Any CPU
		{E07E7BFD-5969-4D68-B371-C8CD23CC513B}.Debug|x86.Build.0 = Debug|Any CPU
		{E07E7BFD-5969-4D68-B371-C8CD23CC513B}.Release|Any CPU.ActiveCfg = Release|Any CPU
		{E07E7BFD-5969-4D68-B371-C8CD23CC513B}.Release|Any CPU.Build.0 = Release|Any CPU
		{E07E7BFD-5969-4D68-B371-C8CD23CC513B}.Release|x64.ActiveCfg = Release|Any CPU
		{E07E7BFD-5969-4D68-B371-C8CD23CC513B}.Release|x64.Build.0 = Release|Any CPU
		{E07E7BFD-5969-4D68-B371-C8CD23CC513B}.Release|x86.ActiveCfg = Release|Any CPU
		{E07E7BFD-5969-4D68-B371-C8CD23CC513B}.Release|x86.Build.0 = Release|Any CPU
	EndGlobalSection
EndGlobal
